// !$*UTF8*$!
{
	archiveVersion = 1;
	classes = {
	};
	objectVersion = 50;
	objects = {

/* Begin PBXBuildFile section */
		4406BF33221A98E400E2FCF6 /* NetworkService.swift in Sources */ = {isa = PBXBuildFile; fileRef = 4406BF32221A98E400E2FCF6 /* NetworkService.swift */; };
		4406BF38221AEC5500E2FCF6 /* EndpointProtocol.swift in Sources */ = {isa = PBXBuildFile; fileRef = 4406BF37221AEC5500E2FCF6 /* EndpointProtocol.swift */; };
		4406BF3A221AEC7700E2FCF6 /* HTTPRequestProtocol.swift in Sources */ = {isa = PBXBuildFile; fileRef = 4406BF39221AEC7700E2FCF6 /* HTTPRequestProtocol.swift */; };
		4406BF3C221AECB700E2FCF6 /* AnyNetworkRequest.swift in Sources */ = {isa = PBXBuildFile; fileRef = 4406BF3B221AECB700E2FCF6 /* AnyNetworkRequest.swift */; };
		443F2C7921C837C200CDE0A3 /* CircularLoaderView.swift in Sources */ = {isa = PBXBuildFile; fileRef = 443F2C7821C837C200CDE0A3 /* CircularLoaderView.swift */; };
		443F2C7C21C90C2100CDE0A3 /* Setupable.swift in Sources */ = {isa = PBXBuildFile; fileRef = 443F2C7B21C90C2100CDE0A3 /* Setupable.swift */; };
		443F2C8321C9142800CDE0A3 /* Collection+Safe.swift in Sources */ = {isa = PBXBuildFile; fileRef = 443F2C8221C9142800CDE0A3 /* Collection+Safe.swift */; };
		4456AC2E22185A5800CA4A4E /* CGRect+Helpers.swift in Sources */ = {isa = PBXBuildFile; fileRef = 4456AC2D22185A5800CA4A4E /* CGRect+Helpers.swift */; };
		446C7CD222102E0700BF04BC /* Date+Convert.swift in Sources */ = {isa = PBXBuildFile; fileRef = 446C7CCE22102E0700BF04BC /* Date+Convert.swift */; };
		446C7CD322102E0700BF04BC /* Date+Day.swift in Sources */ = {isa = PBXBuildFile; fileRef = 446C7CCF22102E0700BF04BC /* Date+Day.swift */; };
		446C7CD422102E0700BF04BC /* DateFormatter+FormatKey.swift in Sources */ = {isa = PBXBuildFile; fileRef = 446C7CD022102E0700BF04BC /* DateFormatter+FormatKey.swift */; };
		446C7CD522102E0700BF04BC /* Date+InMilliseconds.swift in Sources */ = {isa = PBXBuildFile; fileRef = 446C7CD122102E0700BF04BC /* Date+InMilliseconds.swift */; };
		446C7CDA2210350600BF04BC /* Locale+LocaleKey.swift in Sources */ = {isa = PBXBuildFile; fileRef = 446C7CD92210350600BF04BC /* Locale+LocaleKey.swift */; };
		4473A2FF21F5295500E8C0C5 /* LoadingIndicatorDrawerProtocol.swift in Sources */ = {isa = PBXBuildFile; fileRef = 4473A2FE21F5295500E8C0C5 /* LoadingIndicatorDrawerProtocol.swift */; };
		4473A30321F7A8A400E8C0C5 /* CircularLoadingIndicatorDrawerProtocol.swift in Sources */ = {isa = PBXBuildFile; fileRef = 4473A30221F7A8A400E8C0C5 /* CircularLoadingIndicatorDrawerProtocol.swift */; };
		4473A30521F7AB6B00E8C0C5 /* CircularLoadingIndicatorDrawer.swift in Sources */ = {isa = PBXBuildFile; fileRef = 4473A30421F7AB6B00E8C0C5 /* CircularLoadingIndicatorDrawer.swift */; };
		4473A30721F7B3F700E8C0C5 /* СircleActivityIndicatorType.swift in Sources */ = {isa = PBXBuildFile; fileRef = 4473A30621F7B3F700E8C0C5 /* СircleActivityIndicatorType.swift */; };
		44982CDC221B14FD00A4B49E /* NetworkResult.swift in Sources */ = {isa = PBXBuildFile; fileRef = 44982CDB221B14FD00A4B49E /* NetworkResult.swift */; };
		44982CE3221B17B500A4B49E /* JSONPlaceholderNetworkService.swift in Sources */ = {isa = PBXBuildFile; fileRef = 44982CE2221B17B500A4B49E /* JSONPlaceholderNetworkService.swift */; };
		44982CE5221B1EDB00A4B49E /* CommentRemote.swift in Sources */ = {isa = PBXBuildFile; fileRef = 44982CE4221B1EDB00A4B49E /* CommentRemote.swift */; };
		44982CE7221B20B700A4B49E /* NetworkHandlingViewController.swift in Sources */ = {isa = PBXBuildFile; fileRef = 44982CE6221B20B700A4B49E /* NetworkHandlingViewController.swift */; };
		449CF05B21F3DEB500C879D7 /* CABasicAnimation+Animation.swift in Sources */ = {isa = PBXBuildFile; fileRef = 449CF05A21F3DEB500C879D7 /* CABasicAnimation+Animation.swift */; };
		449CF05D21F3DFFE00C879D7 /* Collection+isNotEmpty.swift in Sources */ = {isa = PBXBuildFile; fileRef = 449CF05C21F3DFFE00C879D7 /* Collection+isNotEmpty.swift */; };
		449CF06421F3E50D00C879D7 /* CAShapeLayer+AnimatableProperty.swift in Sources */ = {isa = PBXBuildFile; fileRef = 449CF06321F3E50D00C879D7 /* CAShapeLayer+AnimatableProperty.swift */; };
		449CF06621F3E53B00C879D7 /* CALayer+AnimatableProperty.swift in Sources */ = {isa = PBXBuildFile; fileRef = 449CF06521F3E53B00C879D7 /* CALayer+AnimatableProperty.swift */; };
		449CF06821F3FE3D00C879D7 /* CAEmmiterLayer+AnimatableProperties.swift in Sources */ = {isa = PBXBuildFile; fileRef = 449CF06721F3FE3D00C879D7 /* CAEmmiterLayer+AnimatableProperties.swift */; };
		449CF06A21F3FF1200C879D7 /* CAGradientLayer+AnimatableKey.swift in Sources */ = {isa = PBXBuildFile; fileRef = 449CF06921F3FF1200C879D7 /* CAGradientLayer+AnimatableKey.swift */; };
		449CF06C21F3FF9500C879D7 /* CAReplicatorLayer+AnimatableProperty.swift in Sources */ = {isa = PBXBuildFile; fileRef = 449CF06B21F3FF9500C879D7 /* CAReplicatorLayer+AnimatableProperty.swift */; };
		449CF06E21F4005D00C879D7 /* CATextLayer+AnimatableProperties.swift in Sources */ = {isa = PBXBuildFile; fileRef = 449CF06D21F4005D00C879D7 /* CATextLayer+AnimatableProperties.swift */; };
		449CF07021F400DC00C879D7 /* CAPropertyAnimation+Key.swift in Sources */ = {isa = PBXBuildFile; fileRef = 449CF06F21F400DC00C879D7 /* CAPropertyAnimation+Key.swift */; };
		44C4816C21C669D000F96EB8 /* AppDelegate.swift in Sources */ = {isa = PBXBuildFile; fileRef = 44C4816B21C669D000F96EB8 /* AppDelegate.swift */; };
		44C4817321C669D200F96EB8 /* Assets.xcassets in Resources */ = {isa = PBXBuildFile; fileRef = 44C4817221C669D200F96EB8 /* Assets.xcassets */; };
		44C4818221C66C6000F96EB8 /* LoaderViewStyle.swift in Sources */ = {isa = PBXBuildFile; fileRef = 44C4817E21C66C6000F96EB8 /* LoaderViewStyle.swift */; };
		44C4818521C66C6000F96EB8 /* LoadingIndicator.swift in Sources */ = {isa = PBXBuildFile; fileRef = 44C4818121C66C6000F96EB8 /* LoadingIndicator.swift */; };
		44C4818921C66CF100F96EB8 /* LoadingIndicatorViewController.swift in Sources */ = {isa = PBXBuildFile; fileRef = 44C4818821C66CF100F96EB8 /* LoadingIndicatorViewController.swift */; };
		44C4818C21C66E2A00F96EB8 /* LoadingCell.swift in Sources */ = {isa = PBXBuildFile; fileRef = 44C4818B21C66E2A00F96EB8 /* LoadingCell.swift */; };
/* End PBXBuildFile section */

/* Begin PBXFileReference section */
		4406BF32221A98E400E2FCF6 /* NetworkService.swift */ = {isa = PBXFileReference; lastKnownFileType = sourcecode.swift; path = NetworkService.swift; sourceTree = "<group>"; };
		4406BF37221AEC5500E2FCF6 /* EndpointProtocol.swift */ = {isa = PBXFileReference; lastKnownFileType = sourcecode.swift; path = EndpointProtocol.swift; sourceTree = "<group>"; };
		4406BF39221AEC7700E2FCF6 /* HTTPRequestProtocol.swift */ = {isa = PBXFileReference; lastKnownFileType = sourcecode.swift; path = HTTPRequestProtocol.swift; sourceTree = "<group>"; };
		4406BF3B221AECB700E2FCF6 /* AnyNetworkRequest.swift */ = {isa = PBXFileReference; lastKnownFileType = sourcecode.swift; path = AnyNetworkRequest.swift; sourceTree = "<group>"; };
		443F2C7821C837C200CDE0A3 /* CircularLoaderView.swift */ = {isa = PBXFileReference; lastKnownFileType = sourcecode.swift; path = CircularLoaderView.swift; sourceTree = "<group>"; };
		443F2C7B21C90C2100CDE0A3 /* Setupable.swift */ = {isa = PBXFileReference; lastKnownFileType = sourcecode.swift; path = Setupable.swift; sourceTree = "<group>"; };
		443F2C8221C9142800CDE0A3 /* Collection+Safe.swift */ = {isa = PBXFileReference; fileEncoding = 4; lastKnownFileType = sourcecode.swift; path = "Collection+Safe.swift"; sourceTree = "<group>"; };
		4456AC2D22185A5800CA4A4E /* CGRect+Helpers.swift */ = {isa = PBXFileReference; lastKnownFileType = sourcecode.swift; path = "CGRect+Helpers.swift"; sourceTree = "<group>"; };
		446C7CCE22102E0700BF04BC /* Date+Convert.swift */ = {isa = PBXFileReference; fileEncoding = 4; lastKnownFileType = sourcecode.swift; path = "Date+Convert.swift"; sourceTree = "<group>"; };
		446C7CCF22102E0700BF04BC /* Date+Day.swift */ = {isa = PBXFileReference; fileEncoding = 4; lastKnownFileType = sourcecode.swift; path = "Date+Day.swift"; sourceTree = "<group>"; };
		446C7CD022102E0700BF04BC /* DateFormatter+FormatKey.swift */ = {isa = PBXFileReference; fileEncoding = 4; lastKnownFileType = sourcecode.swift; path = "DateFormatter+FormatKey.swift"; sourceTree = "<group>"; };
		446C7CD122102E0700BF04BC /* Date+InMilliseconds.swift */ = {isa = PBXFileReference; fileEncoding = 4; lastKnownFileType = sourcecode.swift; path = "Date+InMilliseconds.swift"; sourceTree = "<group>"; };
		446C7CD92210350600BF04BC /* Locale+LocaleKey.swift */ = {isa = PBXFileReference; lastKnownFileType = sourcecode.swift; path = "Locale+LocaleKey.swift"; sourceTree = "<group>"; };
		4473A2FE21F5295500E8C0C5 /* LoadingIndicatorDrawerProtocol.swift */ = {isa = PBXFileReference; lastKnownFileType = sourcecode.swift; path = LoadingIndicatorDrawerProtocol.swift; sourceTree = "<group>"; };
		4473A30221F7A8A400E8C0C5 /* CircularLoadingIndicatorDrawerProtocol.swift */ = {isa = PBXFileReference; lastKnownFileType = sourcecode.swift; path = CircularLoadingIndicatorDrawerProtocol.swift; sourceTree = "<group>"; };
		4473A30421F7AB6B00E8C0C5 /* CircularLoadingIndicatorDrawer.swift */ = {isa = PBXFileReference; lastKnownFileType = sourcecode.swift; path = CircularLoadingIndicatorDrawer.swift; sourceTree = "<group>"; };
		4473A30621F7B3F700E8C0C5 /* СircleActivityIndicatorType.swift */ = {isa = PBXFileReference; lastKnownFileType = sourcecode.swift; path = "СircleActivityIndicatorType.swift"; sourceTree = "<group>"; };
		44982CDB221B14FD00A4B49E /* NetworkResult.swift */ = {isa = PBXFileReference; lastKnownFileType = sourcecode.swift; path = NetworkResult.swift; sourceTree = "<group>"; };
		44982CE2221B17B500A4B49E /* JSONPlaceholderNetworkService.swift */ = {isa = PBXFileReference; lastKnownFileType = sourcecode.swift; path = JSONPlaceholderNetworkService.swift; sourceTree = "<group>"; };
		44982CE4221B1EDB00A4B49E /* CommentRemote.swift */ = {isa = PBXFileReference; lastKnownFileType = sourcecode.swift; path = CommentRemote.swift; sourceTree = "<group>"; };
		44982CE6221B20B700A4B49E /* NetworkHandlingViewController.swift */ = {isa = PBXFileReference; lastKnownFileType = sourcecode.swift; path = NetworkHandlingViewController.swift; sourceTree = "<group>"; };
		449CF05A21F3DEB500C879D7 /* CABasicAnimation+Animation.swift */ = {isa = PBXFileReference; lastKnownFileType = sourcecode.swift; path = "CABasicAnimation+Animation.swift"; sourceTree = "<group>"; };
		449CF05C21F3DFFE00C879D7 /* Collection+isNotEmpty.swift */ = {isa = PBXFileReference; lastKnownFileType = sourcecode.swift; path = "Collection+isNotEmpty.swift"; sourceTree = "<group>"; };
		449CF06321F3E50D00C879D7 /* CAShapeLayer+AnimatableProperty.swift */ = {isa = PBXFileReference; lastKnownFileType = sourcecode.swift; path = "CAShapeLayer+AnimatableProperty.swift"; sourceTree = "<group>"; };
		449CF06521F3E53B00C879D7 /* CALayer+AnimatableProperty.swift */ = {isa = PBXFileReference; lastKnownFileType = sourcecode.swift; path = "CALayer+AnimatableProperty.swift"; sourceTree = "<group>"; };
		449CF06721F3FE3D00C879D7 /* CAEmmiterLayer+AnimatableProperties.swift */ = {isa = PBXFileReference; lastKnownFileType = sourcecode.swift; path = "CAEmmiterLayer+AnimatableProperties.swift"; sourceTree = "<group>"; };
		449CF06921F3FF1200C879D7 /* CAGradientLayer+AnimatableKey.swift */ = {isa = PBXFileReference; lastKnownFileType = sourcecode.swift; path = "CAGradientLayer+AnimatableKey.swift"; sourceTree = "<group>"; };
		449CF06B21F3FF9500C879D7 /* CAReplicatorLayer+AnimatableProperty.swift */ = {isa = PBXFileReference; lastKnownFileType = sourcecode.swift; path = "CAReplicatorLayer+AnimatableProperty.swift"; sourceTree = "<group>"; };
		449CF06D21F4005D00C879D7 /* CATextLayer+AnimatableProperties.swift */ = {isa = PBXFileReference; lastKnownFileType = sourcecode.swift; path = "CATextLayer+AnimatableProperties.swift"; sourceTree = "<group>"; };
		449CF06F21F400DC00C879D7 /* CAPropertyAnimation+Key.swift */ = {isa = PBXFileReference; lastKnownFileType = sourcecode.swift; path = "CAPropertyAnimation+Key.swift"; sourceTree = "<group>"; };
		44C4816821C669D000F96EB8 /* exSwift.app */ = {isa = PBXFileReference; explicitFileType = wrapper.application; includeInIndex = 0; path = exSwift.app; sourceTree = BUILT_PRODUCTS_DIR; };
		44C4816B21C669D000F96EB8 /* AppDelegate.swift */ = {isa = PBXFileReference; lastKnownFileType = sourcecode.swift; path = AppDelegate.swift; sourceTree = "<group>"; };
		44C4817221C669D200F96EB8 /* Assets.xcassets */ = {isa = PBXFileReference; lastKnownFileType = folder.assetcatalog; path = Assets.xcassets; sourceTree = "<group>"; };
		44C4817721C669D200F96EB8 /* Info.plist */ = {isa = PBXFileReference; lastKnownFileType = text.plist.xml; path = Info.plist; sourceTree = "<group>"; };
		44C4817E21C66C6000F96EB8 /* LoaderViewStyle.swift */ = {isa = PBXFileReference; fileEncoding = 4; lastKnownFileType = sourcecode.swift; path = LoaderViewStyle.swift; sourceTree = "<group>"; };
		44C4818121C66C6000F96EB8 /* LoadingIndicator.swift */ = {isa = PBXFileReference; fileEncoding = 4; lastKnownFileType = sourcecode.swift; path = LoadingIndicator.swift; sourceTree = "<group>"; };
		44C4818821C66CF100F96EB8 /* LoadingIndicatorViewController.swift */ = {isa = PBXFileReference; lastKnownFileType = sourcecode.swift; path = LoadingIndicatorViewController.swift; sourceTree = "<group>"; };
		44C4818B21C66E2A00F96EB8 /* LoadingCell.swift */ = {isa = PBXFileReference; lastKnownFileType = sourcecode.swift; path = LoadingCell.swift; sourceTree = "<group>"; };
/* End PBXFileReference section */

/* Begin PBXFrameworksBuildPhase section */
		44C4816521C669D000F96EB8 /* Frameworks */ = {
			isa = PBXFrameworksBuildPhase;
			buildActionMask = 2147483647;
			files = (
			);
			runOnlyForDeploymentPostprocessing = 0;
		};
/* End PBXFrameworksBuildPhase section */

/* Begin PBXGroup section */
		4406BF30221A98C700E2FCF6 /* Core */ = {
			isa = PBXGroup;
			children = (
				4406BF31221A98D800E2FCF6 /* Net */,
			);
			path = Core;
			sourceTree = "<group>";
		};
		4406BF31221A98D800E2FCF6 /* Net */ = {
			isa = PBXGroup;
			children = (
				44982CDA221B14DE00A4B49E /* Result */,
				4406BF36221AEC4200E2FCF6 /* Protocols */,
				4406BF32221A98E400E2FCF6 /* NetworkService.swift */,
			);
			path = Net;
			sourceTree = "<group>";
		};
		4406BF36221AEC4200E2FCF6 /* Protocols */ = {
			isa = PBXGroup;
			children = (
				4406BF37221AEC5500E2FCF6 /* EndpointProtocol.swift */,
				4406BF39221AEC7700E2FCF6 /* HTTPRequestProtocol.swift */,
				4406BF3B221AECB700E2FCF6 /* AnyNetworkRequest.swift */,
			);
			path = Protocols;
			sourceTree = "<group>";
		};
		443F2C7A21C90C1200CDE0A3 /* Common */ = {
			isa = PBXGroup;
			children = (
				449CF05421F3DCEA00C879D7 /* Protocols */,
				449CF05221F3DC0E00C879D7 /* Extensions */,
			);
			path = Common;
			sourceTree = "<group>";
		};
		4456AC2B2218590F00CA4A4E /* QuartzCore */ = {
			isa = PBXGroup;
			children = (
				449CF05721F3DD1E00C879D7 /* CAAnimations+Animation */,
				449CF06021F3E40900C879D7 /* CALayers+AnimatablePropery */,
			);
			path = QuartzCore;
			sourceTree = "<group>";
		};
		4456AC2C22185A3E00CA4A4E /* CoreGraphics */ = {
			isa = PBXGroup;
			children = (
				4456AC2D22185A5800CA4A4E /* CGRect+Helpers.swift */,
			);
			path = CoreGraphics;
			sourceTree = "<group>";
		};
		446C7CCB22102D9300BF04BC /* Foundation */ = {
			isa = PBXGroup;
			children = (
				446C7CD8221034F700BF04BC /* Locale */,
				446C7CCD22102E0700BF04BC /* Date */,
			);
			path = Foundation;
			sourceTree = "<group>";
		};
		446C7CCD22102E0700BF04BC /* Date */ = {
			isa = PBXGroup;
			children = (
				446C7CCE22102E0700BF04BC /* Date+Convert.swift */,
				446C7CCF22102E0700BF04BC /* Date+Day.swift */,
				446C7CD122102E0700BF04BC /* Date+InMilliseconds.swift */,
				446C7CD022102E0700BF04BC /* DateFormatter+FormatKey.swift */,
			);
			path = Date;
			sourceTree = "<group>";
		};
		446C7CD8221034F700BF04BC /* Locale */ = {
			isa = PBXGroup;
			children = (
				446C7CD92210350600BF04BC /* Locale+LocaleKey.swift */,
			);
			path = Locale;
			sourceTree = "<group>";
		};
		4473A2FD21F5293200E8C0C5 /* LoadingIndicatorDrawer */ = {
			isa = PBXGroup;
			children = (
				4473A2FE21F5295500E8C0C5 /* LoadingIndicatorDrawerProtocol.swift */,
				4473A30221F7A8A400E8C0C5 /* CircularLoadingIndicatorDrawerProtocol.swift */,
				4473A30421F7AB6B00E8C0C5 /* CircularLoadingIndicatorDrawer.swift */,
			);
			path = LoadingIndicatorDrawer;
			sourceTree = "<group>";
		};
		44982CDA221B14DE00A4B49E /* Result */ = {
			isa = PBXGroup;
			children = (
				44982CDB221B14FD00A4B49E /* NetworkResult.swift */,
			);
			path = Result;
			sourceTree = "<group>";
		};
		44982CDD221B15C100A4B49E /* LodingIndicators */ = {
			isa = PBXGroup;
			children = (
				44C4818821C66CF100F96EB8 /* LoadingIndicatorViewController.swift */,
				44C4818B21C66E2A00F96EB8 /* LoadingCell.swift */,
			);
			path = LodingIndicators;
			sourceTree = "<group>";
		};
		44982CDE221B15F300A4B49E /* Networking */ = {
			isa = PBXGroup;
			children = (
				44982CE2221B17B500A4B49E /* JSONPlaceholderNetworkService.swift */,
				44982CE4221B1EDB00A4B49E /* CommentRemote.swift */,
				44982CE6221B20B700A4B49E /* NetworkHandlingViewController.swift */,
			);
			path = Networking;
			sourceTree = "<group>";
		};
		449CF05221F3DC0E00C879D7 /* Extensions */ = {
			isa = PBXGroup;
			children = (
				4456AC2C22185A3E00CA4A4E /* CoreGraphics */,
				4456AC2B2218590F00CA4A4E /* QuartzCore */,
				449CF05321F3DCDC00C879D7 /* Collection */,
				446C7CCB22102D9300BF04BC /* Foundation */,
			);
			path = Extensions;
			sourceTree = "<group>";
		};
		449CF05321F3DCDC00C879D7 /* Collection */ = {
			isa = PBXGroup;
			children = (
				443F2C8221C9142800CDE0A3 /* Collection+Safe.swift */,
				449CF05C21F3DFFE00C879D7 /* Collection+isNotEmpty.swift */,
			);
			path = Collection;
			sourceTree = "<group>";
		};
		449CF05421F3DCEA00C879D7 /* Protocols */ = {
			isa = PBXGroup;
			children = (
				443F2C7B21C90C2100CDE0A3 /* Setupable.swift */,
			);
			path = Protocols;
			sourceTree = "<group>";
		};
		449CF05721F3DD1E00C879D7 /* CAAnimations+Animation */ = {
			isa = PBXGroup;
			children = (
				449CF05A21F3DEB500C879D7 /* CABasicAnimation+Animation.swift */,
			);
			path = "CAAnimations+Animation";
			sourceTree = "<group>";
		};
		449CF06021F3E40900C879D7 /* CALayers+AnimatablePropery */ = {
			isa = PBXGroup;
			children = (
				449CF06F21F400DC00C879D7 /* CAPropertyAnimation+Key.swift */,
				449CF06521F3E53B00C879D7 /* CALayer+AnimatableProperty.swift */,
				449CF06321F3E50D00C879D7 /* CAShapeLayer+AnimatableProperty.swift */,
				449CF06721F3FE3D00C879D7 /* CAEmmiterLayer+AnimatableProperties.swift */,
				449CF06921F3FF1200C879D7 /* CAGradientLayer+AnimatableKey.swift */,
				449CF06B21F3FF9500C879D7 /* CAReplicatorLayer+AnimatableProperty.swift */,
				449CF06D21F4005D00C879D7 /* CATextLayer+AnimatableProperties.swift */,
			);
			path = "CALayers+AnimatablePropery";
			sourceTree = "<group>";
		};
		44C4815F21C669D000F96EB8 = {
			isa = PBXGroup;
			children = (
				44C4816A21C669D000F96EB8 /* exSwift */,
				44C4816921C669D000F96EB8 /* Products */,
			);
			sourceTree = "<group>";
		};
		44C4816921C669D000F96EB8 /* Products */ = {
			isa = PBXGroup;
			children = (
				44C4816821C669D000F96EB8 /* exSwift.app */,
			);
			name = Products;
			sourceTree = "<group>";
		};
		44C4816A21C669D000F96EB8 /* exSwift */ = {
			isa = PBXGroup;
			children = (
				44C4818A21C66CF400F96EB8 /* Usage */,
				4406BF30221A98C700E2FCF6 /* Core */,
				443F2C7A21C90C1200CDE0A3 /* Common */,
				44C4817D21C66C6000F96EB8 /* LoadingIndicator */,
				44C4816B21C669D000F96EB8 /* AppDelegate.swift */,
				44C4817221C669D200F96EB8 /* Assets.xcassets */,
				44C4817721C669D200F96EB8 /* Info.plist */,
			);
			path = exSwift;
			sourceTree = "<group>";
		};
		44C4817D21C66C6000F96EB8 /* LoadingIndicator */ = {
			isa = PBXGroup;
			children = (
				4473A2FD21F5293200E8C0C5 /* LoadingIndicatorDrawer */,
				4473A30621F7B3F700E8C0C5 /* СircleActivityIndicatorType.swift */,
				44C4817E21C66C6000F96EB8 /* LoaderViewStyle.swift */,
				443F2C7821C837C200CDE0A3 /* CircularLoaderView.swift */,
				44C4818121C66C6000F96EB8 /* LoadingIndicator.swift */,
			);
			path = LoadingIndicator;
			sourceTree = "<group>";
		};
		44C4818A21C66CF400F96EB8 /* Usage */ = {
			isa = PBXGroup;
			children = (
				44982CDD221B15C100A4B49E /* LodingIndicators */,
				44982CDE221B15F300A4B49E /* Networking */,
			);
			path = Usage;
			sourceTree = "<group>";
		};
/* End PBXGroup section */

/* Begin PBXNativeTarget section */
		44C4816721C669D000F96EB8 /* exSwift */ = {
			isa = PBXNativeTarget;
			buildConfigurationList = 44C4817A21C669D200F96EB8 /* Build configuration list for PBXNativeTarget "exSwift" */;
			buildPhases = (
				44C4816421C669D000F96EB8 /* Sources */,
				44C4816521C669D000F96EB8 /* Frameworks */,
				44C4816621C669D000F96EB8 /* Resources */,
			);
			buildRules = (
			);
			dependencies = (
			);
			name = exSwift;
			productName = exSwift;
			productReference = 44C4816821C669D000F96EB8 /* exSwift.app */;
			productType = "com.apple.product-type.application";
		};
/* End PBXNativeTarget section */

/* Begin PBXProject section */
		44C4816021C669D000F96EB8 /* Project object */ = {
			isa = PBXProject;
			attributes = {
				LastSwiftUpdateCheck = 1010;
				LastUpgradeCheck = 1010;
				ORGANIZATIONNAME = Eugene;
				TargetAttributes = {
					44C4816721C669D000F96EB8 = {
						CreatedOnToolsVersion = 10.1;
					};
				};
			};
			buildConfigurationList = 44C4816321C669D000F96EB8 /* Build configuration list for PBXProject "exSwift" */;
			compatibilityVersion = "Xcode 9.3";
			developmentRegion = en;
			hasScannedForEncodings = 0;
			knownRegions = (
				en,
				Base,
			);
			mainGroup = 44C4815F21C669D000F96EB8;
			productRefGroup = 44C4816921C669D000F96EB8 /* Products */;
			projectDirPath = "";
			projectRoot = "";
			targets = (
				44C4816721C669D000F96EB8 /* exSwift */,
			);
		};
/* End PBXProject section */

/* Begin PBXResourcesBuildPhase section */
		44C4816621C669D000F96EB8 /* Resources */ = {
			isa = PBXResourcesBuildPhase;
			buildActionMask = 2147483647;
			files = (
				44C4817321C669D200F96EB8 /* Assets.xcassets in Resources */,
			);
			runOnlyForDeploymentPostprocessing = 0;
		};
/* End PBXResourcesBuildPhase section */

/* Begin PBXSourcesBuildPhase section */
		44C4816421C669D000F96EB8 /* Sources */ = {
			isa = PBXSourcesBuildPhase;
			buildActionMask = 2147483647;
			files = (
				449CF05B21F3DEB500C879D7 /* CABasicAnimation+Animation.swift in Sources */,
				44C4816C21C669D000F96EB8 /* AppDelegate.swift in Sources */,
				44C4818C21C66E2A00F96EB8 /* LoadingCell.swift in Sources */,
				446C7CDA2210350600BF04BC /* Locale+LocaleKey.swift in Sources */,
				449CF06621F3E53B00C879D7 /* CALayer+AnimatableProperty.swift in Sources */,
				449CF06421F3E50D00C879D7 /* CAShapeLayer+AnimatableProperty.swift in Sources */,
				4406BF3C221AECB700E2FCF6 /* AnyNetworkRequest.swift in Sources */,
				4406BF3A221AEC7700E2FCF6 /* HTTPRequestProtocol.swift in Sources */,
				44982CE3221B17B500A4B49E /* JSONPlaceholderNetworkService.swift in Sources */,
				4406BF33221A98E400E2FCF6 /* NetworkService.swift in Sources */,
				449CF06C21F3FF9500C879D7 /* CAReplicatorLayer+AnimatableProperty.swift in Sources */,
				44982CE5221B1EDB00A4B49E /* CommentRemote.swift in Sources */,
				449CF06A21F3FF1200C879D7 /* CAGradientLayer+AnimatableKey.swift in Sources */,
				449CF05D21F3DFFE00C879D7 /* Collection+isNotEmpty.swift in Sources */,
				4473A30721F7B3F700E8C0C5 /* СircleActivityIndicatorType.swift in Sources */,
				4406BF38221AEC5500E2FCF6 /* EndpointProtocol.swift in Sources */,
				449CF07021F400DC00C879D7 /* CAPropertyAnimation+Key.swift in Sources */,
				44C4818521C66C6000F96EB8 /* LoadingIndicator.swift in Sources */,
				443F2C7921C837C200CDE0A3 /* CircularLoaderView.swift in Sources */,
				4473A2FF21F5295500E8C0C5 /* LoadingIndicatorDrawerProtocol.swift in Sources */,
				44C4818221C66C6000F96EB8 /* LoaderViewStyle.swift in Sources */,
				443F2C7C21C90C2100CDE0A3 /* Setupable.swift in Sources */,
				443F2C8321C9142800CDE0A3 /* Collection+Safe.swift in Sources */,
				449CF06821F3FE3D00C879D7 /* CAEmmiterLayer+AnimatableProperties.swift in Sources */,
				4456AC2E22185A5800CA4A4E /* CGRect+Helpers.swift in Sources */,
				44982CDC221B14FD00A4B49E /* NetworkResult.swift in Sources */,
				446C7CD422102E0700BF04BC /* DateFormatter+FormatKey.swift in Sources */,
				44982CE7221B20B700A4B49E /* NetworkHandlingViewController.swift in Sources */,
				446C7CD322102E0700BF04BC /* Date+Day.swift in Sources */,
				44C4818921C66CF100F96EB8 /* LoadingIndicatorViewController.swift in Sources */,
				446C7CD522102E0700BF04BC /* Date+InMilliseconds.swift in Sources */,
				4473A30321F7A8A400E8C0C5 /* CircularLoadingIndicatorDrawerProtocol.swift in Sources */,
				4473A30521F7AB6B00E8C0C5 /* CircularLoadingIndicatorDrawer.swift in Sources */,
				449CF06E21F4005D00C879D7 /* CATextLayer+AnimatableProperties.swift in Sources */,
				446C7CD222102E0700BF04BC /* Date+Convert.swift in Sources */,
			);
			runOnlyForDeploymentPostprocessing = 0;
		};
/* End PBXSourcesBuildPhase section */

/* Begin XCBuildConfiguration section */
		44C4817821C669D200F96EB8 /* Debug */ = {
			isa = XCBuildConfiguration;
			buildSettings = {
				ALWAYS_SEARCH_USER_PATHS = NO;
				CLANG_ANALYZER_NONNULL = YES;
				CLANG_ANALYZER_NUMBER_OBJECT_CONVERSION = YES_AGGRESSIVE;
				CLANG_CXX_LANGUAGE_STANDARD = "gnu++14";
				CLANG_CXX_LIBRARY = "libc++";
				CLANG_ENABLE_MODULES = YES;
				CLANG_ENABLE_OBJC_ARC = YES;
				CLANG_ENABLE_OBJC_WEAK = YES;
				CLANG_WARN_BLOCK_CAPTURE_AUTORELEASING = YES;
				CLANG_WARN_BOOL_CONVERSION = YES;
				CLANG_WARN_COMMA = YES;
				CLANG_WARN_CONSTANT_CONVERSION = YES;
				CLANG_WARN_DEPRECATED_OBJC_IMPLEMENTATIONS = YES;
				CLANG_WARN_DIRECT_OBJC_ISA_USAGE = YES_ERROR;
				CLANG_WARN_DOCUMENTATION_COMMENTS = YES;
				CLANG_WARN_EMPTY_BODY = YES;
				CLANG_WARN_ENUM_CONVERSION = YES;
				CLANG_WARN_INFINITE_RECURSION = YES;
				CLANG_WARN_INT_CONVERSION = YES;
				CLANG_WARN_NON_LITERAL_NULL_CONVERSION = YES;
				CLANG_WARN_OBJC_IMPLICIT_RETAIN_SELF = YES;
				CLANG_WARN_OBJC_LITERAL_CONVERSION = YES;
				CLANG_WARN_OBJC_ROOT_CLASS = YES_ERROR;
				CLANG_WARN_RANGE_LOOP_ANALYSIS = YES;
				CLANG_WARN_STRICT_PROTOTYPES = YES;
				CLANG_WARN_SUSPICIOUS_MOVE = YES;
				CLANG_WARN_UNGUARDED_AVAILABILITY = YES_AGGRESSIVE;
				CLANG_WARN_UNREACHABLE_CODE = YES;
				CLANG_WARN__DUPLICATE_METHOD_MATCH = YES;
				CODE_SIGN_IDENTITY = "iPhone Developer";
				COPY_PHASE_STRIP = NO;
				DEBUG_INFORMATION_FORMAT = dwarf;
				ENABLE_STRICT_OBJC_MSGSEND = YES;
				ENABLE_TESTABILITY = YES;
				GCC_C_LANGUAGE_STANDARD = gnu11;
				GCC_DYNAMIC_NO_PIC = NO;
				GCC_NO_COMMON_BLOCKS = YES;
				GCC_OPTIMIZATION_LEVEL = 0;
				GCC_PREPROCESSOR_DEFINITIONS = (
					"DEBUG=1",
					"$(inherited)",
				);
				GCC_WARN_64_TO_32_BIT_CONVERSION = YES;
				GCC_WARN_ABOUT_RETURN_TYPE = YES_ERROR;
				GCC_WARN_UNDECLARED_SELECTOR = YES;
				GCC_WARN_UNINITIALIZED_AUTOS = YES_AGGRESSIVE;
				GCC_WARN_UNUSED_FUNCTION = YES;
				GCC_WARN_UNUSED_VARIABLE = YES;
				IPHONEOS_DEPLOYMENT_TARGET = 12.1;
				MTL_ENABLE_DEBUG_INFO = INCLUDE_SOURCE;
				MTL_FAST_MATH = YES;
				ONLY_ACTIVE_ARCH = YES;
				SDKROOT = iphoneos;
				SWIFT_ACTIVE_COMPILATION_CONDITIONS = DEBUG;
				SWIFT_OPTIMIZATION_LEVEL = "-Onone";
			};
			name = Debug;
		};
		44C4817921C669D200F96EB8 /* Release */ = {
			isa = XCBuildConfiguration;
			buildSettings = {
				ALWAYS_SEARCH_USER_PATHS = NO;
				CLANG_ANALYZER_NONNULL = YES;
				CLANG_ANALYZER_NUMBER_OBJECT_CONVERSION = YES_AGGRESSIVE;
				CLANG_CXX_LANGUAGE_STANDARD = "gnu++14";
				CLANG_CXX_LIBRARY = "libc++";
				CLANG_ENABLE_MODULES = YES;
				CLANG_ENABLE_OBJC_ARC = YES;
				CLANG_ENABLE_OBJC_WEAK = YES;
				CLANG_WARN_BLOCK_CAPTURE_AUTORELEASING = YES;
				CLANG_WARN_BOOL_CONVERSION = YES;
				CLANG_WARN_COMMA = YES;
				CLANG_WARN_CONSTANT_CONVERSION = YES;
				CLANG_WARN_DEPRECATED_OBJC_IMPLEMENTATIONS = YES;
				CLANG_WARN_DIRECT_OBJC_ISA_USAGE = YES_ERROR;
				CLANG_WARN_DOCUMENTATION_COMMENTS = YES;
				CLANG_WARN_EMPTY_BODY = YES;
				CLANG_WARN_ENUM_CONVERSION = YES;
				CLANG_WARN_INFINITE_RECURSION = YES;
				CLANG_WARN_INT_CONVERSION = YES;
				CLANG_WARN_NON_LITERAL_NULL_CONVERSION = YES;
				CLANG_WARN_OBJC_IMPLICIT_RETAIN_SELF = YES;
				CLANG_WARN_OBJC_LITERAL_CONVERSION = YES;
				CLANG_WARN_OBJC_ROOT_CLASS = YES_ERROR;
				CLANG_WARN_RANGE_LOOP_ANALYSIS = YES;
				CLANG_WARN_STRICT_PROTOTYPES = YES;
				CLANG_WARN_SUSPICIOUS_MOVE = YES;
				CLANG_WARN_UNGUARDED_AVAILABILITY = YES_AGGRESSIVE;
				CLANG_WARN_UNREACHABLE_CODE = YES;
				CLANG_WARN__DUPLICATE_METHOD_MATCH = YES;
				CODE_SIGN_IDENTITY = "iPhone Developer";
				COPY_PHASE_STRIP = NO;
				DEBUG_INFORMATION_FORMAT = "dwarf-with-dsym";
				ENABLE_NS_ASSERTIONS = NO;
				ENABLE_STRICT_OBJC_MSGSEND = YES;
				GCC_C_LANGUAGE_STANDARD = gnu11;
				GCC_NO_COMMON_BLOCKS = YES;
				GCC_WARN_64_TO_32_BIT_CONVERSION = YES;
				GCC_WARN_ABOUT_RETURN_TYPE = YES_ERROR;
				GCC_WARN_UNDECLARED_SELECTOR = YES;
				GCC_WARN_UNINITIALIZED_AUTOS = YES_AGGRESSIVE;
				GCC_WARN_UNUSED_FUNCTION = YES;
				GCC_WARN_UNUSED_VARIABLE = YES;
				IPHONEOS_DEPLOYMENT_TARGET = 12.1;
				MTL_ENABLE_DEBUG_INFO = NO;
				MTL_FAST_MATH = YES;
				SDKROOT = iphoneos;
				SWIFT_COMPILATION_MODE = wholemodule;
				SWIFT_OPTIMIZATION_LEVEL = "-O";
				VALIDATE_PRODUCT = YES;
			};
			name = Release;
		};
		44C4817B21C669D200F96EB8 /* Debug */ = {
			isa = XCBuildConfiguration;
			buildSettings = {
				ASSETCATALOG_COMPILER_APPICON_NAME = AppIcon;
				CODE_SIGN_STYLE = Automatic;
				DEVELOPMENT_TEAM = 7Q47PPMT3D;
				INFOPLIST_FILE = exSwift/Info.plist;
				IPHONEOS_DEPLOYMENT_TARGET = 10.0;
				LD_RUNPATH_SEARCH_PATHS = (
					"$(inherited)",
					"@executable_path/Frameworks",
				);
				PRODUCT_BUNDLE_IDENTIFIER = Eugene.exSwift;
				PRODUCT_NAME = "$(TARGET_NAME)";
				SWIFT_VERSION = 4.2;
				TARGETED_DEVICE_FAMILY = "1,2";
			};
			name = Debug;
		};
		44C4817C21C669D200F96EB8 /* Release */ = {
			isa = XCBuildConfiguration;
			buildSettings = {
				ASSETCATALOG_COMPILER_APPICON_NAME = AppIcon;
				CODE_SIGN_STYLE = Automatic;
				DEVELOPMENT_TEAM = 7Q47PPMT3D;
				INFOPLIST_FILE = exSwift/Info.plist;
				IPHONEOS_DEPLOYMENT_TARGET = 10.0;
				LD_RUNPATH_SEARCH_PATHS = (
					"$(inherited)",
					"@executable_path/Frameworks",
				);
				PRODUCT_BUNDLE_IDENTIFIER = Eugene.exSwift;
				PRODUCT_NAME = "$(TARGET_NAME)";
				SWIFT_VERSION = 4.2;
				TARGETED_DEVICE_FAMILY = "1,2";
			};
			name = Release;
		};
/* End XCBuildConfiguration section */

/* Begin XCConfigurationList section */
		44C4816321C669D000F96EB8 /* Build configuration list for PBXProject "exSwift" */ = {
			isa = XCConfigurationList;
			buildConfigurations = (
				44C4817821C669D200F96EB8 /* Debug */,
				44C4817921C669D200F96EB8 /* Release */,
			);
			defaultConfigurationIsVisible = 0;
			defaultConfigurationName = Release;
		};
		44C4817A21C669D200F96EB8 /* Build configuration list for PBXNativeTarget "exSwift" */ = {
			isa = XCConfigurationList;
			buildConfigurations = (
				44C4817B21C669D200F96EB8 /* Debug */,
				44C4817C21C669D200F96EB8 /* Release */,
			);
			defaultConfigurationIsVisible = 0;
			defaultConfigurationName = Release;
		};
/* End XCConfigurationList section */
	};
	rootObject = 44C4816021C669D000F96EB8 /* Project object */;
}
